{
  "name": "twind-bench-xterm",
  "lockfileVersion": 3,
  "requires": true,
  "packages": {
    "": {
      "name": "twind-bench-xterm",
      "dependencies": {
        "@xterm/addon-image": "0.10.0-beta.301",
        "@xterm/headless": "6.1.0-beta.303"
      }
    },
    "node_modules/@xterm/addon-image": {
      "version": "0.10.0-beta.301",
      "resolved": "https://registry.npmjs.org/@xterm/addon-image/-/addon-image-0.10.0-beta.301.tgz",
      "integrity": "sha512-PJZL4GlQ1ReIgbffFMaOAFxc3wOit21/G2UEM82RpH3hNHjn6MH8ilz3ToDeBjYuOqU7ienBaeIuMbNktX4/HA==",
      "license": "MIT",
      "peerDependencies": {
        "@xterm/xterm": "^6.1.0-beta.304"
      }
    },
    "node_modules/@xterm/headless": {
      "version": "6.1.0-beta.303",
      "resolved": "https://registry.npmjs.org/@xterm/headless/-/headless-6.1.0-beta.303.tgz",
      "integrity": "sha512-FjPRg5OF0UdloypPRZcUdtpxaxYKk7FdNArgpOaedoj7UWzinB+THZyEY7t6QHRR5bjcbz7B7s4vX0Zo5LT6aw==",
      "license": "MIT",
      "workspaces": [
        "addons/*"
      ]
    },
    "node_modules/@xterm/xterm": {
      "version": "6.1.0-beta.304",
      "resolved": "https://registry.npmjs.org/@xterm/xterm/-/xterm-6.1.0-beta.304.tgz",
      "integrity": "sha512-Wq9d4qFYslYQBIan+riXotdyurtREc6v+HWdAwV6Y2JSDI9eJ1dkWm/fzYb2rCGgGnM3baiYuSK4Z6OLNKLzDw==",
      "license": "MIT",
      "peer": true,
      "workspaces": [
        "addons/*"
      ]
    }
  }
}
